// !$*UTF8*$!
{
	archiveVersion = 1;
	classes = {
	};
	objectVersion = 46;
	objects = {

/* Begin PBXBuildFile section */
		0818C9BF18433C0B003DB33A /* DiseaseInference.txt in Resources */ = {isa = PBXBuildFile; fileRef = 0818C9BE18433C0B003DB33A /* DiseaseInference.txt */; };
		0818C9C41845C0D9003DB33A /* DiseaseTreatment.txt in Resources */ = {isa = PBXBuildFile; fileRef = 0818C9C31845C0D9003DB33A /* DiseaseTreatment.txt */; };
		0818C9FF184745AD003DB33A /* CJSONDeserializer.m in Sources */ = {isa = PBXBuildFile; fileRef = 0818C9F9184745AD003DB33A /* CJSONDeserializer.m */; };
		0818CA00184745AD003DB33A /* CJSONSerializer.m in Sources */ = {isa = PBXBuildFile; fileRef = 0818C9FB184745AD003DB33A /* CJSONSerializer.m */; };
		0818CA01184745AD003DB33A /* NSDictionary_JSONExtensions.m in Sources */ = {isa = PBXBuildFile; fileRef = 0818C9FE184745AD003DB33A /* NSDictionary_JSONExtensions.m */; };
		08529CF1177C3672008E1397 /* Female_UL.xls in Resources */ = {isa = PBXBuildFile; fileRef = 08529CEF177C3672008E1397 /* Female_UL.xls */; };
		08529CF2177C3672008E1397 /* Male_UL.xls in Resources */ = {isa = PBXBuildFile; fileRef = 08529CF0177C3672008E1397 /* Male_UL.xls */; };
		0853BDD717957DD300B05122 /* LZRecommendFood.m in Sources */ = {isa = PBXBuildFile; fileRef = 0853BDD617957DD300B05122 /* LZRecommendFood.m */; };
		08559AA0180E3EEC00571FDD /* SomeItemCnEn.xls in Resources */ = {isa = PBXBuildFile; fileRef = 08559A9F180E3EEC00571FDD /* SomeItemCnEn.xls */; };
		088240811740924300E71E6E /* UIKit.framework in Frameworks */ = {isa = PBXBuildFile; fileRef = 088240801740924300E71E6E /* UIKit.framework */; };
		088240831740924300E71E6E /* Foundation.framework in Frameworks */ = {isa = PBXBuildFile; fileRef = 088240821740924300E71E6E /* Foundation.framework */; };
		088240851740924300E71E6E /* CoreGraphics.framework in Frameworks */ = {isa = PBXBuildFile; fileRef = 088240841740924300E71E6E /* CoreGraphics.framework */; };
		0882408B1740924300E71E6E /* InfoPlist.strings in Resources */ = {isa = PBXBuildFile; fileRef = 088240891740924300E71E6E /* InfoPlist.strings */; };
		0882408D1740924300E71E6E /* main.m in Sources */ = {isa = PBXBuildFile; fileRef = 0882408C1740924300E71E6E /* main.m */; };
		088240911740924300E71E6E /* LZAppDelegate.m in Sources */ = {isa = PBXBuildFile; fileRef = 088240901740924300E71E6E /* LZAppDelegate.m */; };
		088240931740924300E71E6E /* Default.png in Resources */ = {isa = PBXBuildFile; fileRef = 088240921740924300E71E6E /* Default.png */; };
		088240951740924300E71E6E /* Default@2x.png in Resources */ = {isa = PBXBuildFile; fileRef = 088240941740924300E71E6E /* Default@2x.png */; };
		088240971740924300E71E6E /* Default-568h@2x.png in Resources */ = {isa = PBXBuildFile; fileRef = 088240961740924300E71E6E /* Default-568h@2x.png */; };
		0882409A1740924300E71E6E /* LZViewController.m in Sources */ = {isa = PBXBuildFile; fileRef = 088240991740924300E71E6E /* LZViewController.m */; };
		0882409D1740924300E71E6E /* LZViewController_iPhone.xib in Resources */ = {isa = PBXBuildFile; fileRef = 0882409B1740924300E71E6E /* LZViewController_iPhone.xib */; };
		088240A01740924300E71E6E /* LZViewController_iPad.xib in Resources */ = {isa = PBXBuildFile; fileRef = 0882409E1740924300E71E6E /* LZViewController_iPad.xib */; };
		088240B117409E3500E71E6E /* LZDBAccess.m in Sources */ = {isa = PBXBuildFile; fileRef = 088240AE17409E3500E71E6E /* LZDBAccess.m */; };
		088240B217409E3500E71E6E /* LZReadExcel.m in Sources */ = {isa = PBXBuildFile; fileRef = 088240B017409E3500E71E6E /* LZReadExcel.m */; };
		088240B41740A01700E71E6E /* libsqlite3.dylib in Frameworks */ = {isa = PBXBuildFile; fileRef = 088240B31740A01700E71E6E /* libsqlite3.dylib */; };
		088240B81740A06D00E71E6E /* libiconv.dylib in Frameworks */ = {isa = PBXBuildFile; fileRef = 088240B71740A06D00E71E6E /* libiconv.dylib */; };
		088240C51740A11900E71E6E /* FMDatabase.m in Sources */ = {isa = PBXBuildFile; fileRef = 088240BB1740A11900E71E6E /* FMDatabase.m */; };
		088240C61740A11900E71E6E /* FMDatabaseAdditions.m in Sources */ = {isa = PBXBuildFile; fileRef = 088240BD1740A11900E71E6E /* FMDatabaseAdditions.m */; };
		088240C71740A11900E71E6E /* FMDatabasePool.m in Sources */ = {isa = PBXBuildFile; fileRef = 088240BF1740A11900E71E6E /* FMDatabasePool.m */; };
		088240C81740A11900E71E6E /* FMDatabaseQueue.m in Sources */ = {isa = PBXBuildFile; fileRef = 088240C11740A11900E71E6E /* FMDatabaseQueue.m */; };
		088240CA1740A11900E71E6E /* FMResultSet.m in Sources */ = {isa = PBXBuildFile; fileRef = 088240C41740A11900E71E6E /* FMResultSet.m */; };
		088240CE1740A1FF00E71E6E /* LZUtility.m in Sources */ = {isa = PBXBuildFile; fileRef = 088240CD1740A1FF00E71E6E /* LZUtility.m */; };
		088240D21740A66100E71E6E /* LZDataAccess.m in Sources */ = {isa = PBXBuildFile; fileRef = 088240D11740A66100E71E6E /* LZDataAccess.m */; };
		088240D31740A7AA00E71E6E /* libDHxlsReaderIOS.a in Frameworks */ = {isa = PBXBuildFile; fileRef = 088240AB17409BAC00E71E6E /* libDHxlsReaderIOS.a */; };
		088240DD1740A88700E71E6E /* ABBREV.xls in Resources */ = {isa = PBXBuildFile; fileRef = 088240D51740A88700E71E6E /* ABBREV.xls */; };
		088240E11740A88700E71E6E /* customUSDAdataV2.xls in Resources */ = {isa = PBXBuildFile; fileRef = 088240D91740A88700E71E6E /* customUSDAdataV2.xls */; };
		0882411C1740E08300E71E6E /* USDAFullDataInSqlite.dat in Resources */ = {isa = PBXBuildFile; fileRef = 0882411B1740E08300E71E6E /* USDAFullDataInSqlite.dat */; };
		0882411F17410E6300E71E6E /* Female_DRI.xls in Resources */ = {isa = PBXBuildFile; fileRef = 0882411D17410E6300E71E6E /* Female_DRI.xls */; };
		0882412017410E6300E71E6E /* Male_DRI.xls in Resources */ = {isa = PBXBuildFile; fileRef = 0882411E17410E6300E71E6E /* Male_DRI.xls */; };
		0882412217411C9A00E71E6E /* LZConstants.h in Sources */ = {isa = PBXBuildFile; fileRef = 0882412117411C3A00E71E6E /* LZConstants.h */; };
		088241251741E3CD00E71E6E /* LZFacade.m in Sources */ = {isa = PBXBuildFile; fileRef = 088241241741E3CD00E71E6E /* LZFacade.m */; };
		0882412717422E7C00E71E6E /* Food.xls in Resources */ = {isa = PBXBuildFile; fileRef = 0882412617422E7C00E71E6E /* Food.xls */; };
		0882412B1743342700E71E6E /* readme.txt in Resources */ = {isa = PBXBuildFile; fileRef = 0882412A1743342600E71E6E /* readme.txt */; };
		0882412D174368E900E71E6E /* CustomDB.dat in Resources */ = {isa = PBXBuildFile; fileRef = 0882412C174368E900E71E6E /* CustomDB.dat */; };
		0882414D174B615D00E71E6E /* NutrientInfo.xls in Resources */ = {isa = PBXBuildFile; fileRef = 0882414C174B615D00E71E6E /* NutrientInfo.xls */; };
		0882419A17530AC500E71E6E /* Food_common.xls in Resources */ = {isa = PBXBuildFile; fileRef = 0882419917530AC500E71E6E /* Food_common.xls */; };
		088821C617B132FB0054FABD /* benefits_nutrition_mapping.xls in Resources */ = {isa = PBXBuildFile; fileRef = 088821C517B132FB0054FABD /* benefits_nutrition_mapping.xls */; };
		088B768A17C4C44200206959 /* LZDataAccessUtil.m in Sources */ = {isa = PBXBuildFile; fileRef = 088B768917C4C44200206959 /* LZDataAccessUtil.m */; };
		08CDEAD117A652DD00AFA47E /* foodDealed in Resources */ = {isa = PBXBuildFile; fileRef = 08CDEAD017A652DD00AFA47E /* foodDealed */; };
		08CDEAD417A6865E00AFA47E /* CustomRichFood.xls in Resources */ = {isa = PBXBuildFile; fileRef = 08CDEAD317A6865E00AFA47E /* CustomRichFood.xls */; };
		08D0479C1856EB7C007AAB2E /* Parse.framework in Frameworks */ = {isa = PBXBuildFile; fileRef = 08D0479B1856EB7C007AAB2E /* Parse.framework */; };
		08D0479F1856EBDE007AAB2E /* FBMissingSymbols.m in Sources */ = {isa = PBXBuildFile; fileRef = 08D0479E1856EBDE007AAB2E /* FBMissingSymbols.m */; };
		08D047A11856ECA8007AAB2E /* AudioToolbox.framework in Frameworks */ = {isa = PBXBuildFile; fileRef = 08D047A01856ECA8007AAB2E /* AudioToolbox.framework */; };
		08D047A31856ECB5007AAB2E /* CFNetwork.framework in Frameworks */ = {isa = PBXBuildFile; fileRef = 08D047A21856ECB5007AAB2E /* CFNetwork.framework */; };
		08D047A51856ECCF007AAB2E /* CoreLocation.framework in Frameworks */ = {isa = PBXBuildFile; fileRef = 08D047A41856ECCF007AAB2E /* CoreLocation.framework */; };
		08D047A71856ECDD007AAB2E /* libz.1.1.3.dylib in Frameworks */ = {isa = PBXBuildFile; fileRef = 08D047A61856ECDD007AAB2E /* libz.1.1.3.dylib */; };
		08D047A91856ECE8007AAB2E /* MobileCoreServices.framework in Frameworks */ = {isa = PBXBuildFile; fileRef = 08D047A81856ECE8007AAB2E /* MobileCoreServices.framework */; };
		08D047AB1856ECF4007AAB2E /* QuartzCore.framework in Frameworks */ = {isa = PBXBuildFile; fileRef = 08D047AA1856ECF4007AAB2E /* QuartzCore.framework */; };
		08D047AD1856ED00007AAB2E /* Security.framework in Frameworks */ = {isa = PBXBuildFile; fileRef = 08D047AC1856ED00007AAB2E /* Security.framework */; };
		08D047AF1856ED0F007AAB2E /* StoreKit.framework in Frameworks */ = {isa = PBXBuildFile; fileRef = 08D047AE1856ED0F007AAB2E /* StoreKit.framework */; };
		08D047B11856ED1A007AAB2E /* SystemConfiguration.framework in Frameworks */ = {isa = PBXBuildFile; fileRef = 08D047B01856ED1A007AAB2E /* SystemConfiguration.framework */; };
		08ED42CF17D48BAD00917C78 /* MBProgressHUD.m in Sources */ = {isa = PBXBuildFile; fileRef = 08ED42CD17D48BAD00917C78 /* MBProgressHUD.m */; };
		08ED42D017D48BAD00917C78 /* README.mdown in Resources */ = {isa = PBXBuildFile; fileRef = 08ED42CE17D48BAD00917C78 /* README.mdown */; };
		08F23C4A1856C66A005AE1B8 /* SymptomTranslate.xls in Resources */ = {isa = PBXBuildFile; fileRef = 08F23C491856C66A005AE1B8 /* SymptomTranslate.xls */; };
		08F23C511856EAED005AE1B8 /* SSKeychain.m in Sources */ = {isa = PBXBuildFile; fileRef = 08F23C501856EAED005AE1B8 /* SSKeychain.m */; };
		08F78D84183C9DFD000DC96B /* SymptomSummary.xls in Resources */ = {isa = PBXBuildFile; fileRef = 08F78D83183C9DFD000DC96B /* SymptomSummary.xls */; };
/* End PBXBuildFile section */

/* Begin PBXContainerItemProxy section */
		088240AA17409BAC00E71E6E /* PBXContainerItemProxy */ = {
			isa = PBXContainerItemProxy;
			containerPortal = 088240A617409BAC00E71E6E /* DHxlsReaderIOS.xcodeproj */;
			proxyType = 2;
			remoteGlobalIDString = DEB78ABF14BB9ABF00845894;
			remoteInfo = DHxlsReaderIOS;
		};
		088240B51740A05600E71E6E /* PBXContainerItemProxy */ = {
			isa = PBXContainerItemProxy;
			containerPortal = 088240A617409BAC00E71E6E /* DHxlsReaderIOS.xcodeproj */;
			proxyType = 1;
			remoteGlobalIDString = DEB78ABE14BB9ABF00845894;
			remoteInfo = DHxlsReaderIOS;
		};
/* End PBXContainerItemProxy section */

/* Begin PBXFileReference section */
		0818C9BE18433C0B003DB33A /* DiseaseInference.txt */ = {isa = PBXFileReference; fileEncoding = 4; lastKnownFileType = text; name = DiseaseInference.txt; path = ../../../data/DiseaseInference.txt; sourceTree = "<group>"; };
		0818C9C31845C0D9003DB33A /* DiseaseTreatment.txt */ = {isa = PBXFileReference; fileEncoding = 4; lastKnownFileType = text; name = DiseaseTreatment.txt; path = ../../../data/DiseaseTreatment.txt; sourceTree = "<group>"; };
		0818C9F8184745AD003DB33A /* CJSONDeserializer.h */ = {isa = PBXFileReference; fileEncoding = 4; lastKnownFileType = sourcecode.c.h; path = CJSONDeserializer.h; sourceTree = "<group>"; };
		0818C9F9184745AD003DB33A /* CJSONDeserializer.m */ = {isa = PBXFileReference; fileEncoding = 4; lastKnownFileType = sourcecode.c.objc; path = CJSONDeserializer.m; sourceTree = "<group>"; };
		0818C9FA184745AD003DB33A /* CJSONSerializer.h */ = {isa = PBXFileReference; fileEncoding = 4; lastKnownFileType = sourcecode.c.h; path = CJSONSerializer.h; sourceTree = "<group>"; };
		0818C9FB184745AD003DB33A /* CJSONSerializer.m */ = {isa = PBXFileReference; fileEncoding = 4; lastKnownFileType = sourcecode.c.objc; path = CJSONSerializer.m; sourceTree = "<group>"; };
		0818C9FC184745AD003DB33A /* JSONRepresentation.h */ = {isa = PBXFileReference; fileEncoding = 4; lastKnownFileType = sourcecode.c.h; path = JSONRepresentation.h; sourceTree = "<group>"; };
		0818C9FD184745AD003DB33A /* NSDictionary_JSONExtensions.h */ = {isa = PBXFileReference; fileEncoding = 4; lastKnownFileType = sourcecode.c.h; path = NSDictionary_JSONExtensions.h; sourceTree = "<group>"; };
		0818C9FE184745AD003DB33A /* NSDictionary_JSONExtensions.m */ = {isa = PBXFileReference; fileEncoding = 4; lastKnownFileType = sourcecode.c.objc; path = NSDictionary_JSONExtensions.m; sourceTree = "<group>"; };
		08529CEF177C3672008E1397 /* Female_UL.xls */ = {isa = PBXFileReference; lastKnownFileType = file; name = Female_UL.xls; path = ../../../data/Female_UL.xls; sourceTree = "<group>"; };
		08529CF0177C3672008E1397 /* Male_UL.xls */ = {isa = PBXFileReference; lastKnownFileType = file; name = Male_UL.xls; path = ../../../data/Male_UL.xls; sourceTree = "<group>"; };
		0853BDD517957DD300B05122 /* LZRecommendFood.h */ = {isa = PBXFileReference; fileEncoding = 4; lastKnownFileType = sourcecode.c.h; name = LZRecommendFood.h; path = ../nutrition/nutrition/Class/LZRecommendFood.h; sourceTree = "<group>"; };
		0853BDD617957DD300B05122 /* LZRecommendFood.m */ = {isa = PBXFileReference; fileEncoding = 4; lastKnownFileType = sourcecode.c.objc; name = LZRecommendFood.m; path = ../nutrition/nutrition/Class/LZRecommendFood.m; sourceTree = "<group>"; };
		08559A9F180E3EEC00571FDD /* SomeItemCnEn.xls */ = {isa = PBXFileReference; lastKnownFileType = file; name = SomeItemCnEn.xls; path = ../../../data/SomeItemCnEn.xls; sourceTree = "<group>"; };
		0882407D1740924300E71E6E /* ImpExpTool.app */ = {isa = PBXFileReference; explicitFileType = wrapper.application; includeInIndex = 0; path = ImpExpTool.app; sourceTree = BUILT_PRODUCTS_DIR; };
		088240801740924300E71E6E /* UIKit.framework */ = {isa = PBXFileReference; lastKnownFileType = wrapper.framework; name = UIKit.framework; path = System/Library/Frameworks/UIKit.framework; sourceTree = SDKROOT; };
		088240821740924300E71E6E /* Foundation.framework */ = {isa = PBXFileReference; lastKnownFileType = wrapper.framework; name = Foundation.framework; path = System/Library/Frameworks/Foundation.framework; sourceTree = SDKROOT; };
		088240841740924300E71E6E /* CoreGraphics.framework */ = {isa = PBXFileReference; lastKnownFileType = wrapper.framework; name = CoreGraphics.framework; path = System/Library/Frameworks/CoreGraphics.framework; sourceTree = SDKROOT; };
		088240881740924300E71E6E /* ImpExpTool-Info.plist */ = {isa = PBXFileReference; lastKnownFileType = text.plist.xml; path = "ImpExpTool-Info.plist"; sourceTree = "<group>"; };
		0882408A1740924300E71E6E /* en */ = {isa = PBXFileReference; lastKnownFileType = text.plist.strings; name = en; path = en.lproj/InfoPlist.strings; sourceTree = "<group>"; };
		0882408C1740924300E71E6E /* main.m */ = {isa = PBXFileReference; lastKnownFileType = sourcecode.c.objc; path = main.m; sourceTree = "<group>"; };
		0882408E1740924300E71E6E /* ImpExpTool-Prefix.pch */ = {isa = PBXFileReference; lastKnownFileType = sourcecode.c.h; path = "ImpExpTool-Prefix.pch"; sourceTree = "<group>"; };
		0882408F1740924300E71E6E /* LZAppDelegate.h */ = {isa = PBXFileReference; lastKnownFileType = sourcecode.c.h; path = LZAppDelegate.h; sourceTree = "<group>"; };
		088240901740924300E71E6E /* LZAppDelegate.m */ = {isa = PBXFileReference; lastKnownFileType = sourcecode.c.objc; path = LZAppDelegate.m; sourceTree = "<group>"; };
		088240921740924300E71E6E /* Default.png */ = {isa = PBXFileReference; lastKnownFileType = image.png; path = Default.png; sourceTree = "<group>"; };
		088240941740924300E71E6E /* Default@2x.png */ = {isa = PBXFileReference; lastKnownFileType = image.png; path = "Default@2x.png"; sourceTree = "<group>"; };
		088240961740924300E71E6E /* Default-568h@2x.png */ = {isa = PBXFileReference; lastKnownFileType = image.png; path = "Default-568h@2x.png"; sourceTree = "<group>"; };
		088240981740924300E71E6E /* LZViewController.h */ = {isa = PBXFileReference; lastKnownFileType = sourcecode.c.h; path = LZViewController.h; sourceTree = "<group>"; };
		088240991740924300E71E6E /* LZViewController.m */ = {isa = PBXFileReference; lastKnownFileType = sourcecode.c.objc; path = LZViewController.m; sourceTree = "<group>"; };
		0882409C1740924300E71E6E /* en */ = {isa = PBXFileReference; lastKnownFileType = file.xib; name = en; path = en.lproj/LZViewController_iPhone.xib; sourceTree = "<group>"; };
		0882409F1740924300E71E6E /* en */ = {isa = PBXFileReference; lastKnownFileType = file.xib; name = en; path = en.lproj/LZViewController_iPad.xib; sourceTree = "<group>"; };
		088240A617409BAC00E71E6E /* DHxlsReaderIOS.xcodeproj */ = {isa = PBXFileReference; lastKnownFileType = "wrapper.pb-project"; name = DHxlsReaderIOS.xcodeproj; path = DHlibxlsLib/DHxlsReaderIOS.xcodeproj; sourceTree = "<group>"; };
		088240AD17409E3500E71E6E /* LZDBAccess.h */ = {isa = PBXFileReference; fileEncoding = 4; lastKnownFileType = sourcecode.c.h; path = LZDBAccess.h; sourceTree = "<group>"; };
		088240AE17409E3500E71E6E /* LZDBAccess.m */ = {isa = PBXFileReference; fileEncoding = 4; lastKnownFileType = sourcecode.c.objc; path = LZDBAccess.m; sourceTree = "<group>"; };
		088240AF17409E3500E71E6E /* LZReadExcel.h */ = {isa = PBXFileReference; fileEncoding = 4; lastKnownFileType = sourcecode.c.h; path = LZReadExcel.h; sourceTree = "<group>"; };
		088240B017409E3500E71E6E /* LZReadExcel.m */ = {isa = PBXFileReference; fileEncoding = 4; lastKnownFileType = sourcecode.c.objc; path = LZReadExcel.m; sourceTree = "<group>"; };
		088240B31740A01700E71E6E /* libsqlite3.dylib */ = {isa = PBXFileReference; lastKnownFileType = "compiled.mach-o.dylib"; name = libsqlite3.dylib; path = usr/lib/libsqlite3.dylib; sourceTree = SDKROOT; };
		088240B71740A06D00E71E6E /* libiconv.dylib */ = {isa = PBXFileReference; lastKnownFileType = "compiled.mach-o.dylib"; name = libiconv.dylib; path = usr/lib/libiconv.dylib; sourceTree = SDKROOT; };
		088240BA1740A11900E71E6E /* FMDatabase.h */ = {isa = PBXFileReference; fileEncoding = 4; lastKnownFileType = sourcecode.c.h; path = FMDatabase.h; sourceTree = "<group>"; };
		088240BB1740A11900E71E6E /* FMDatabase.m */ = {isa = PBXFileReference; fileEncoding = 4; lastKnownFileType = sourcecode.c.objc; path = FMDatabase.m; sourceTree = "<group>"; };
		088240BC1740A11900E71E6E /* FMDatabaseAdditions.h */ = {isa = PBXFileReference; fileEncoding = 4; lastKnownFileType = sourcecode.c.h; path = FMDatabaseAdditions.h; sourceTree = "<group>"; };
		088240BD1740A11900E71E6E /* FMDatabaseAdditions.m */ = {isa = PBXFileReference; fileEncoding = 4; lastKnownFileType = sourcecode.c.objc; path = FMDatabaseAdditions.m; sourceTree = "<group>"; };
		088240BE1740A11900E71E6E /* FMDatabasePool.h */ = {isa = PBXFileReference; fileEncoding = 4; lastKnownFileType = sourcecode.c.h; path = FMDatabasePool.h; sourceTree = "<group>"; };
		088240BF1740A11900E71E6E /* FMDatabasePool.m */ = {isa = PBXFileReference; fileEncoding = 4; lastKnownFileType = sourcecode.c.objc; path = FMDatabasePool.m; sourceTree = "<group>"; };
		088240C01740A11900E71E6E /* FMDatabaseQueue.h */ = {isa = PBXFileReference; fileEncoding = 4; lastKnownFileType = sourcecode.c.h; path = FMDatabaseQueue.h; sourceTree = "<group>"; };
		088240C11740A11900E71E6E /* FMDatabaseQueue.m */ = {isa = PBXFileReference; fileEncoding = 4; lastKnownFileType = sourcecode.c.objc; path = FMDatabaseQueue.m; sourceTree = "<group>"; };
		088240C31740A11900E71E6E /* FMResultSet.h */ = {isa = PBXFileReference; fileEncoding = 4; lastKnownFileType = sourcecode.c.h; path = FMResultSet.h; sourceTree = "<group>"; };
		088240C41740A11900E71E6E /* FMResultSet.m */ = {isa = PBXFileReference; fileEncoding = 4; lastKnownFileType = sourcecode.c.objc; path = FMResultSet.m; sourceTree = "<group>"; };
		088240CC1740A1FF00E71E6E /* LZUtility.h */ = {isa = PBXFileReference; fileEncoding = 4; lastKnownFileType = sourcecode.c.h; name = LZUtility.h; path = ../nutrition/nutrition/Class/LZUtility.h; sourceTree = "<group>"; };
		088240CD1740A1FF00E71E6E /* LZUtility.m */ = {isa = PBXFileReference; fileEncoding = 4; lastKnownFileType = sourcecode.c.objc; name = LZUtility.m; path = ../nutrition/nutrition/Class/LZUtility.m; sourceTree = "<group>"; };
		088240D01740A66100E71E6E /* LZDataAccess.h */ = {isa = PBXFileReference; fileEncoding = 4; lastKnownFileType = sourcecode.c.h; path = LZDataAccess.h; sourceTree = "<group>"; };
		088240D11740A66100E71E6E /* LZDataAccess.m */ = {isa = PBXFileReference; fileEncoding = 4; lastKnownFileType = sourcecode.c.objc; path = LZDataAccess.m; sourceTree = "<group>"; };
		088240D51740A88700E71E6E /* ABBREV.xls */ = {isa = PBXFileReference; lastKnownFileType = file; path = ABBREV.xls; sourceTree = "<group>"; };
		088240D91740A88700E71E6E /* customUSDAdataV2.xls */ = {isa = PBXFileReference; lastKnownFileType = file; path = customUSDAdataV2.xls; sourceTree = "<group>"; };
		088240E51740BD3000E71E6E /* LZConst.h */ = {isa = PBXFileReference; fileEncoding = 4; lastKnownFileType = sourcecode.c.h; path = LZConst.h; sourceTree = "<group>"; };
		0882411B1740E08300E71E6E /* USDAFullDataInSqlite.dat */ = {isa = PBXFileReference; lastKnownFileType = file; name = USDAFullDataInSqlite.dat; path = ../../../data/USDAFullDataInSqlite.dat; sourceTree = "<group>"; };
		0882411D17410E6300E71E6E /* Female_DRI.xls */ = {isa = PBXFileReference; lastKnownFileType = file; name = Female_DRI.xls; path = ../../../data/Female_DRI.xls; sourceTree = "<group>"; };
		0882411E17410E6300E71E6E /* Male_DRI.xls */ = {isa = PBXFileReference; lastKnownFileType = file; name = Male_DRI.xls; path = ../../../data/Male_DRI.xls; sourceTree = "<group>"; };
		0882412117411C3A00E71E6E /* LZConstants.h */ = {isa = PBXFileReference; fileEncoding = 4; lastKnownFileType = sourcecode.c.h; name = LZConstants.h; path = ../nutrition/nutrition/Class/LZConstants.h; sourceTree = "<group>"; };
		088241231741E3CD00E71E6E /* LZFacade.h */ = {isa = PBXFileReference; fileEncoding = 4; lastKnownFileType = sourcecode.c.h; path = LZFacade.h; sourceTree = "<group>"; };
		088241241741E3CD00E71E6E /* LZFacade.m */ = {isa = PBXFileReference; fileEncoding = 4; lastKnownFileType = sourcecode.c.objc; path = LZFacade.m; sourceTree = "<group>"; };
		0882412617422E7C00E71E6E /* Food.xls */ = {isa = PBXFileReference; lastKnownFileType = file; name = Food.xls; path = ../../../data/Food.xls; sourceTree = "<group>"; };
		0882412A1743342600E71E6E /* readme.txt */ = {isa = PBXFileReference; fileEncoding = 4; lastKnownFileType = text; path = readme.txt; sourceTree = "<group>"; };
		0882412C174368E900E71E6E /* CustomDB.dat */ = {isa = PBXFileReference; lastKnownFileType = file; name = CustomDB.dat; path = ../nutrition/nutrition/Resource/CustomDB.dat; sourceTree = "<group>"; };
		0882414C174B615D00E71E6E /* NutrientInfo.xls */ = {isa = PBXFileReference; lastKnownFileType = file; name = NutrientInfo.xls; path = ../../../data/NutrientInfo.xls; sourceTree = "<group>"; };
		0882419917530AC500E71E6E /* Food_common.xls */ = {isa = PBXFileReference; lastKnownFileType = file; name = Food_common.xls; path = ../../../data/Food_common.xls; sourceTree = "<group>"; };
		088821C517B132FB0054FABD /* benefits_nutrition_mapping.xls */ = {isa = PBXFileReference; lastKnownFileType = file; name = benefits_nutrition_mapping.xls; path = ../../../data/benefits_nutrition_mapping.xls; sourceTree = "<group>"; };
		088B768817C4C44200206959 /* LZDataAccessUtil.h */ = {isa = PBXFileReference; fileEncoding = 4; lastKnownFileType = sourcecode.c.h; path = LZDataAccessUtil.h; sourceTree = "<group>"; };
		088B768917C4C44200206959 /* LZDataAccessUtil.m */ = {isa = PBXFileReference; fileEncoding = 4; lastKnownFileType = sourcecode.c.objc; path = LZDataAccessUtil.m; sourceTree = "<group>"; };
		08CDEAD017A652DD00AFA47E /* foodDealed */ = {isa = PBXFileReference; lastKnownFileType = folder; name = foodDealed; path = ../../../ui/pictures/foodDealed; sourceTree = "<group>"; };
		08CDEAD317A6865E00AFA47E /* CustomRichFood.xls */ = {isa = PBXFileReference; lastKnownFileType = file; name = CustomRichFood.xls; path = ../../../data/CustomRichFood.xls; sourceTree = "<group>"; };
		08D0479B1856EB7C007AAB2E /* Parse.framework */ = {isa = PBXFileReference; lastKnownFileType = wrapper.framework; name = Parse.framework; path = ../nutrition/nutrition/Parse.framework; sourceTree = "<group>"; };
		08D0479E1856EBDE007AAB2E /* FBMissingSymbols.m */ = {isa = PBXFileReference; fileEncoding = 4; lastKnownFileType = sourcecode.c.objc; name = FBMissingSymbols.m; path = ../nutrition/nutrition/Class/FBMissingSymbols.m; sourceTree = "<group>"; };
		08D047A01856ECA8007AAB2E /* AudioToolbox.framework */ = {isa = PBXFileReference; lastKnownFileType = wrapper.framework; name = AudioToolbox.framework; path = System/Library/Frameworks/AudioToolbox.framework; sourceTree = SDKROOT; };
		08D047A21856ECB5007AAB2E /* CFNetwork.framework */ = {isa = PBXFileReference; lastKnownFileType = wrapper.framework; name = CFNetwork.framework; path = System/Library/Frameworks/CFNetwork.framework; sourceTree = SDKROOT; };
		08D047A41856ECCF007AAB2E /* CoreLocation.framework */ = {isa = PBXFileReference; lastKnownFileType = wrapper.framework; name = CoreLocation.framework; path = System/Library/Frameworks/CoreLocation.framework; sourceTree = SDKROOT; };
		08D047A61856ECDD007AAB2E /* libz.1.1.3.dylib */ = {isa = PBXFileReference; lastKnownFileType = "compiled.mach-o.dylib"; name = libz.1.1.3.dylib; path = usr/lib/libz.1.1.3.dylib; sourceTree = SDKROOT; };
		08D047A81856ECE8007AAB2E /* MobileCoreServices.framework */ = {isa = PBXFileReference; lastKnownFileType = wrapper.framework; name = MobileCoreServices.framework; path = System/Library/Frameworks/MobileCoreServices.framework; sourceTree = SDKROOT; };
		08D047AA1856ECF4007AAB2E /* QuartzCore.framework */ = {isa = PBXFileReference; lastKnownFileType = wrapper.framework; name = QuartzCore.framework; path = System/Library/Frameworks/QuartzCore.framework; sourceTree = SDKROOT; };
		08D047AC1856ED00007AAB2E /* Security.framework */ = {isa = PBXFileReference; lastKnownFileType = wrapper.framework; name = Security.framework; path = System/Library/Frameworks/Security.framework; sourceTree = SDKROOT; };
		08D047AE1856ED0F007AAB2E /* StoreKit.framework */ = {isa = PBXFileReference; lastKnownFileType = wrapper.framework; name = StoreKit.framework; path = System/Library/Frameworks/StoreKit.framework; sourceTree = SDKROOT; };
		08D047B01856ED1A007AAB2E /* SystemConfiguration.framework */ = {isa = PBXFileReference; lastKnownFileType = wrapper.framework; name = SystemConfiguration.framework; path = System/Library/Frameworks/SystemConfiguration.framework; sourceTree = SDKROOT; };
		08ED42CC17D48BAD00917C78 /* MBProgressHUD.h */ = {isa = PBXFileReference; fileEncoding = 4; lastKnownFileType = sourcecode.c.h; path = MBProgressHUD.h; sourceTree = "<group>"; };
		08ED42CD17D48BAD00917C78 /* MBProgressHUD.m */ = {isa = PBXFileReference; fileEncoding = 4; lastKnownFileType = sourcecode.c.objc; path = MBProgressHUD.m; sourceTree = "<group>"; };
		08ED42CE17D48BAD00917C78 /* README.mdown */ = {isa = PBXFileReference; fileEncoding = 4; lastKnownFileType = text; path = README.mdown; sourceTree = "<group>"; };
		08F23C491856C66A005AE1B8 /* SymptomTranslate.xls */ = {isa = PBXFileReference; lastKnownFileType = file; name = SymptomTranslate.xls; path = ../../../data/SymptomTranslate.xls; sourceTree = "<group>"; };
		08F23C4F1856EAED005AE1B8 /* SSKeychain.h */ = {isa = PBXFileReference; fileEncoding = 4; lastKnownFileType = sourcecode.c.h; path = SSKeychain.h; sourceTree = "<group>"; };
		08F23C501856EAED005AE1B8 /* SSKeychain.m */ = {isa = PBXFileReference; fileEncoding = 4; lastKnownFileType = sourcecode.c.objc; path = SSKeychain.m; sourceTree = "<group>"; };
		08F78D83183C9DFD000DC96B /* SymptomSummary.xls */ = {isa = PBXFileReference; lastKnownFileType = file; name = SymptomSummary.xls; path = ../../../data/SymptomSummary.xls; sourceTree = "<group>"; };
/* End PBXFileReference section */

/* Begin PBXFrameworksBuildPhase section */
		0882407A1740924300E71E6E /* Frameworks */ = {
			isa = PBXFrameworksBuildPhase;
			buildActionMask = 2147483647;
			files = (
				08D047B11856ED1A007AAB2E /* SystemConfiguration.framework in Frameworks */,
				08D047AF1856ED0F007AAB2E /* StoreKit.framework in Frameworks */,
				08D047AD1856ED00007AAB2E /* Security.framework in Frameworks */,
				08D047AB1856ECF4007AAB2E /* QuartzCore.framework in Frameworks */,
				08D047A91856ECE8007AAB2E /* MobileCoreServices.framework in Frameworks */,
				08D047A71856ECDD007AAB2E /* libz.1.1.3.dylib in Frameworks */,
				08D047A51856ECCF007AAB2E /* CoreLocation.framework in Frameworks */,
				088240851740924300E71E6E /* CoreGraphics.framework in Frameworks */,
				08D047A31856ECB5007AAB2E /* CFNetwork.framework in Frameworks */,
				08D047A11856ECA8007AAB2E /* AudioToolbox.framework in Frameworks */,
				08D0479C1856EB7C007AAB2E /* Parse.framework in Frameworks */,
				088240D31740A7AA00E71E6E /* libDHxlsReaderIOS.a in Frameworks */,
				088240B81740A06D00E71E6E /* libiconv.dylib in Frameworks */,
				088240B41740A01700E71E6E /* libsqlite3.dylib in Frameworks */,
				088240811740924300E71E6E /* UIKit.framework in Frameworks */,
				088240831740924300E71E6E /* Foundation.framework in Frameworks */,
			);
			runOnlyForDeploymentPostprocessing = 0;
		};
/* End PBXFrameworksBuildPhase section */

/* Begin PBXGroup section */
		0818C9F7184745AD003DB33A /* TouchJSON */ = {
			isa = PBXGroup;
			children = (
				0818C9F8184745AD003DB33A /* CJSONDeserializer.h */,
				0818C9F9184745AD003DB33A /* CJSONDeserializer.m */,
				0818C9FA184745AD003DB33A /* CJSONSerializer.h */,
				0818C9FB184745AD003DB33A /* CJSONSerializer.m */,
				0818C9FC184745AD003DB33A /* JSONRepresentation.h */,
				0818C9FD184745AD003DB33A /* NSDictionary_JSONExtensions.h */,
				0818C9FE184745AD003DB33A /* NSDictionary_JSONExtensions.m */,
			);
			path = TouchJSON;
			sourceTree = "<group>";
		};
		088240741740924300E71E6E = {
			isa = PBXGroup;
			children = (
				0818C9F7184745AD003DB33A /* TouchJSON */,
				0882412A1743342600E71E6E /* readme.txt */,
				088240D41740A88700E71E6E /* Resource */,
				088240CB1740A1CA00E71E6E /* externalRef */,
				088240AC17409E3500E71E6E /* Lib */,
				088240A617409BAC00E71E6E /* DHxlsReaderIOS.xcodeproj */,
				088240861740924300E71E6E /* ImpExpTool */,
				0882407F1740924300E71E6E /* Frameworks */,
				0882407E1740924300E71E6E /* Products */,
			);
			sourceTree = "<group>";
		};
		0882407E1740924300E71E6E /* Products */ = {
			isa = PBXGroup;
			children = (
				0882407D1740924300E71E6E /* ImpExpTool.app */,
			);
			name = Products;
			sourceTree = "<group>";
		};
		0882407F1740924300E71E6E /* Frameworks */ = {
			isa = PBXGroup;
			children = (
				08D047B01856ED1A007AAB2E /* SystemConfiguration.framework */,
				08D047AE1856ED0F007AAB2E /* StoreKit.framework */,
				08D047AC1856ED00007AAB2E /* Security.framework */,
				08D047AA1856ECF4007AAB2E /* QuartzCore.framework */,
				08D047A81856ECE8007AAB2E /* MobileCoreServices.framework */,
				08D047A61856ECDD007AAB2E /* libz.1.1.3.dylib */,
				08D047A41856ECCF007AAB2E /* CoreLocation.framework */,
				08D047A21856ECB5007AAB2E /* CFNetwork.framework */,
				08D047A01856ECA8007AAB2E /* AudioToolbox.framework */,
				08D0479B1856EB7C007AAB2E /* Parse.framework */,
				088240B71740A06D00E71E6E /* libiconv.dylib */,
				088240B31740A01700E71E6E /* libsqlite3.dylib */,
				088240801740924300E71E6E /* UIKit.framework */,
				088240821740924300E71E6E /* Foundation.framework */,
				088240841740924300E71E6E /* CoreGraphics.framework */,
			);
			name = Frameworks;
			sourceTree = "<group>";
		};
		088240861740924300E71E6E /* ImpExpTool */ = {
			isa = PBXGroup;
			children = (
				0882408F1740924300E71E6E /* LZAppDelegate.h */,
				088240901740924300E71E6E /* LZAppDelegate.m */,
				088240981740924300E71E6E /* LZViewController.h */,
				088240991740924300E71E6E /* LZViewController.m */,
				0882409B1740924300E71E6E /* LZViewController_iPhone.xib */,
				0882409E1740924300E71E6E /* LZViewController_iPad.xib */,
				088240871740924300E71E6E /* Supporting Files */,
			);
			path = ImpExpTool;
			sourceTree = "<group>";
		};
		088240871740924300E71E6E /* Supporting Files */ = {
			isa = PBXGroup;
			children = (
				088240881740924300E71E6E /* ImpExpTool-Info.plist */,
				088240891740924300E71E6E /* InfoPlist.strings */,
				0882408C1740924300E71E6E /* main.m */,
				0882408E1740924300E71E6E /* ImpExpTool-Prefix.pch */,
				088240921740924300E71E6E /* Default.png */,
				088240941740924300E71E6E /* Default@2x.png */,
				088240961740924300E71E6E /* Default-568h@2x.png */,
			);
			name = "Supporting Files";
			sourceTree = "<group>";
		};
		088240A717409BAC00E71E6E /* Products */ = {
			isa = PBXGroup;
			children = (
				088240AB17409BAC00E71E6E /* libDHxlsReaderIOS.a */,
			);
			name = Products;
			sourceTree = "<group>";
		};
		088240AC17409E3500E71E6E /* Lib */ = {
			isa = PBXGroup;
			children = (
				088240AD17409E3500E71E6E /* LZDBAccess.h */,
				088240AE17409E3500E71E6E /* LZDBAccess.m */,
				088240AF17409E3500E71E6E /* LZReadExcel.h */,
				088240B017409E3500E71E6E /* LZReadExcel.m */,
				088240E51740BD3000E71E6E /* LZConst.h */,
				088241231741E3CD00E71E6E /* LZFacade.h */,
				088241241741E3CD00E71E6E /* LZFacade.m */,
			);
			name = Lib;
			path = ImpExpTool/Lib;
			sourceTree = "<group>";
		};
		088240B91740A11900E71E6E /* fmdbLib */ = {
			isa = PBXGroup;
			children = (
				088240BA1740A11900E71E6E /* FMDatabase.h */,
				088240BB1740A11900E71E6E /* FMDatabase.m */,
				088240BC1740A11900E71E6E /* FMDatabaseAdditions.h */,
				088240BD1740A11900E71E6E /* FMDatabaseAdditions.m */,
				088240BE1740A11900E71E6E /* FMDatabasePool.h */,
				088240BF1740A11900E71E6E /* FMDatabasePool.m */,
				088240C01740A11900E71E6E /* FMDatabaseQueue.h */,
				088240C11740A11900E71E6E /* FMDatabaseQueue.m */,
				088240C31740A11900E71E6E /* FMResultSet.h */,
				088240C41740A11900E71E6E /* FMResultSet.m */,
			);
			name = fmdbLib;
			path = ../nutrition/nutrition/fmdbLib;
			sourceTree = "<group>";
		};
		088240CB1740A1CA00E71E6E /* externalRef */ = {
			isa = PBXGroup;
			children = (
				08D0479E1856EBDE007AAB2E /* FBMissingSymbols.m */,
				08F23C4E1856EAED005AE1B8 /* sskeychain */,
				08ED42CB17D48BAD00917C78 /* MBProgressHUD */,
				08CDEAD017A652DD00AFA47E /* foodDealed */,
				0853BDD517957DD300B05122 /* LZRecommendFood.h */,
				0853BDD617957DD300B05122 /* LZRecommendFood.m */,
				0882412117411C3A00E71E6E /* LZConstants.h */,
				0882411A1740E02D00E71E6E /* Res */,
				088240CF1740A66100E71E6E /* dataAccess */,
				088240CC1740A1FF00E71E6E /* LZUtility.h */,
				088240CD1740A1FF00E71E6E /* LZUtility.m */,
				088240B91740A11900E71E6E /* fmdbLib */,
			);
			name = externalRef;
			sourceTree = "<group>";
		};
		088240CF1740A66100E71E6E /* dataAccess */ = {
			isa = PBXGroup;
			children = (
				088B768817C4C44200206959 /* LZDataAccessUtil.h */,
				088B768917C4C44200206959 /* LZDataAccessUtil.m */,
				088240D01740A66100E71E6E /* LZDataAccess.h */,
				088240D11740A66100E71E6E /* LZDataAccess.m */,
			);
			name = dataAccess;
			path = ../nutrition/nutrition/dataAccess;
			sourceTree = "<group>";
		};
		088240D41740A88700E71E6E /* Resource */ = {
			isa = PBXGroup;
			children = (
				088240D51740A88700E71E6E /* ABBREV.xls */,
				088240D91740A88700E71E6E /* customUSDAdataV2.xls */,
			);
			path = Resource;
			sourceTree = "<group>";
		};
		0882411A1740E02D00E71E6E /* Res */ = {
			isa = PBXGroup;
			children = (
				08F23C491856C66A005AE1B8 /* SymptomTranslate.xls */,
				0818C9C31845C0D9003DB33A /* DiseaseTreatment.txt */,
				0818C9BE18433C0B003DB33A /* DiseaseInference.txt */,
				08F78D83183C9DFD000DC96B /* SymptomSummary.xls */,
				08559A9F180E3EEC00571FDD /* SomeItemCnEn.xls */,
				088821C517B132FB0054FABD /* benefits_nutrition_mapping.xls */,
				08CDEAD317A6865E00AFA47E /* CustomRichFood.xls */,
				08529CEF177C3672008E1397 /* Female_UL.xls */,
				08529CF0177C3672008E1397 /* Male_UL.xls */,
				0882419917530AC500E71E6E /* Food_common.xls */,
				0882414C174B615D00E71E6E /* NutrientInfo.xls */,
				0882412C174368E900E71E6E /* CustomDB.dat */,
				0882412617422E7C00E71E6E /* Food.xls */,
				0882411D17410E6300E71E6E /* Female_DRI.xls */,
				0882411E17410E6300E71E6E /* Male_DRI.xls */,
				0882411B1740E08300E71E6E /* USDAFullDataInSqlite.dat */,
			);
			name = Res;
			sourceTree = "<group>";
		};
		08ED42CB17D48BAD00917C78 /* MBProgressHUD */ = {
			isa = PBXGroup;
			children = (
				08ED42CC17D48BAD00917C78 /* MBProgressHUD.h */,
				08ED42CD17D48BAD00917C78 /* MBProgressHUD.m */,
				08ED42CE17D48BAD00917C78 /* README.mdown */,
			);
			name = MBProgressHUD;
			path = ../nutrition/nutrition/MBProgressHUD;
			sourceTree = "<group>";
		};
		08F23C4E1856EAED005AE1B8 /* sskeychain */ = {
			isa = PBXGroup;
			children = (
				08F23C4F1856EAED005AE1B8 /* SSKeychain.h */,
				08F23C501856EAED005AE1B8 /* SSKeychain.m */,
			);
			name = sskeychain;
			path = ../nutrition/nutrition/sskeychain;
			sourceTree = "<group>";
		};
/* End PBXGroup section */

/* Begin PBXNativeTarget section */
		0882407C1740924300E71E6E /* ImpExpTool */ = {
			isa = PBXNativeTarget;
			buildConfigurationList = 088240A31740924300E71E6E /* Build configuration list for PBXNativeTarget "ImpExpTool" */;
			buildPhases = (
				088240791740924300E71E6E /* Sources */,
				0882407A1740924300E71E6E /* Frameworks */,
				0882407B1740924300E71E6E /* Resources */,
			);
			buildRules = (
			);
			dependencies = (
				088240B61740A05600E71E6E /* PBXTargetDependency */,
			);
			name = ImpExpTool;
			productName = ImpExpTool;
			productReference = 0882407D1740924300E71E6E /* ImpExpTool.app */;
			productType = "com.apple.product-type.application";
		};
/* End PBXNativeTarget section */

/* Begin PBXProject section */
		088240751740924300E71E6E /* Project object */ = {
			isa = PBXProject;
			attributes = {
				CLASSPREFIX = LZ;
				LastUpgradeCheck = 0460;
				ORGANIZATIONNAME = Yasofon;
			};
			buildConfigurationList = 088240781740924300E71E6E /* Build configuration list for PBXProject "ImpExpTool" */;
			compatibilityVersion = "Xcode 3.2";
			developmentRegion = English;
			hasScannedForEncodings = 0;
			knownRegions = (
				en,
			);
			mainGroup = 088240741740924300E71E6E;
			productRefGroup = 0882407E1740924300E71E6E /* Products */;
			projectDirPath = "";
			projectReferences = (
				{
					ProductGroup = 088240A717409BAC00E71E6E /* Products */;
					ProjectRef = 088240A617409BAC00E71E6E /* DHxlsReaderIOS.xcodeproj */;
				},
			);
			projectRoot = "";
			targets = (
				0882407C1740924300E71E6E /* ImpExpTool */,
			);
		};
/* End PBXProject section */

/* Begin PBXReferenceProxy section */
		088240AB17409BAC00E71E6E /* libDHxlsReaderIOS.a */ = {
			isa = PBXReferenceProxy;
			fileType = archive.ar;
			path = libDHxlsReaderIOS.a;
			remoteRef = 088240AA17409BAC00E71E6E /* PBXContainerItemProxy */;
			sourceTree = BUILT_PRODUCTS_DIR;
		};
/* End PBXReferenceProxy section */

/* Begin PBXResourcesBuildPhase section */
		0882407B1740924300E71E6E /* Resources */ = {
			isa = PBXResourcesBuildPhase;
			buildActionMask = 2147483647;
			files = (
				0882408B1740924300E71E6E /* InfoPlist.strings in Resources */,
				088240931740924300E71E6E /* Default.png in Resources */,
				088240951740924300E71E6E /* Default@2x.png in Resources */,
				088240971740924300E71E6E /* Default-568h@2x.png in Resources */,
				0882409D1740924300E71E6E /* LZViewController_iPhone.xib in Resources */,
				088240A01740924300E71E6E /* LZViewController_iPad.xib in Resources */,
				08F78D84183C9DFD000DC96B /* SymptomSummary.xls in Resources */,
				08F23C4A1856C66A005AE1B8 /* SymptomTranslate.xls in Resources */,
				088240DD1740A88700E71E6E /* ABBREV.xls in Resources */,
				088240E11740A88700E71E6E /* customUSDAdataV2.xls in Resources */,
				0882411C1740E08300E71E6E /* USDAFullDataInSqlite.dat in Resources */,
				0818C9C41845C0D9003DB33A /* DiseaseTreatment.txt in Resources */,
				0882411F17410E6300E71E6E /* Female_DRI.xls in Resources */,
				0882412017410E6300E71E6E /* Male_DRI.xls in Resources */,
				0882412717422E7C00E71E6E /* Food.xls in Resources */,
				0818C9BF18433C0B003DB33A /* DiseaseInference.txt in Resources */,
				0882412B1743342700E71E6E /* readme.txt in Resources */,
				0882412D174368E900E71E6E /* CustomDB.dat in Resources */,
				0882414D174B615D00E71E6E /* NutrientInfo.xls in Resources */,
				0882419A17530AC500E71E6E /* Food_common.xls in Resources */,
				08529CF1177C3672008E1397 /* Female_UL.xls in Resources */,
				08529CF2177C3672008E1397 /* Male_UL.xls in Resources */,
				08CDEAD117A652DD00AFA47E /* foodDealed in Resources */,
				08CDEAD417A6865E00AFA47E /* CustomRichFood.xls in Resources */,
				088821C617B132FB0054FABD /* benefits_nutrition_mapping.xls in Resources */,
				08ED42D017D48BAD00917C78 /* README.mdown in Resources */,
				08559AA0180E3EEC00571FDD /* SomeItemCnEn.xls in Resources */,
			);
			runOnlyForDeploymentPostprocessing = 0;
		};
/* End PBXResourcesBuildPhase section */

/* Begin PBXSourcesBuildPhase section */
		088240791740924300E71E6E /* Sources */ = {
			isa = PBXSourcesBuildPhase;
			buildActionMask = 2147483647;
			files = (
				0818CA01184745AD003DB33A /* NSDictionary_JSONExtensions.m in Sources */,
				0882412217411C9A00E71E6E /* LZConstants.h in Sources */,
				08D0479F1856EBDE007AAB2E /* FBMissingSymbols.m in Sources */,
				08F23C511856EAED005AE1B8 /* SSKeychain.m in Sources */,
				0882408D1740924300E71E6E /* main.m in Sources */,
				088240911740924300E71E6E /* LZAppDelegate.m in Sources */,
				0882409A1740924300E71E6E /* LZViewController.m in Sources */,
				088240B117409E3500E71E6E /* LZDBAccess.m in Sources */,
				088240B217409E3500E71E6E /* LZReadExcel.m in Sources */,
				0818C9FF184745AD003DB33A /* CJSONDeserializer.m in Sources */,
				088240C51740A11900E71E6E /* FMDatabase.m in Sources */,
				088240C61740A11900E71E6E /* FMDatabaseAdditions.m in Sources */,
				088240C71740A11900E71E6E /* FMDatabasePool.m in Sources */,
				088240C81740A11900E71E6E /* FMDatabaseQueue.m in Sources */,
				088240CA1740A11900E71E6E /* FMResultSet.m in Sources */,
				088240CE1740A1FF00E71E6E /* LZUtility.m in Sources */,
				088240D21740A66100E71E6E /* LZDataAccess.m in Sources */,
				088241251741E3CD00E71E6E /* LZFacade.m in Sources */,
				0853BDD717957DD300B05122 /* LZRecommendFood.m in Sources */,
				0818CA00184745AD003DB33A /* CJSONSerializer.m in Sources */,
				088B768A17C4C44200206959 /* LZDataAccessUtil.m in Sources */,
				08ED42CF17D48BAD00917C78 /* MBProgressHUD.m in Sources */,
			);
			runOnlyForDeploymentPostprocessing = 0;
		};
/* End PBXSourcesBuildPhase section */

/* Begin PBXTargetDependency section */
		088240B61740A05600E71E6E /* PBXTargetDependency */ = {
			isa = PBXTargetDependency;
			name = DHxlsReaderIOS;
			targetProxy = 088240B51740A05600E71E6E /* PBXContainerItemProxy */;
		};
/* End PBXTargetDependency section */

/* Begin PBXVariantGroup section */
		088240891740924300E71E6E /* InfoPlist.strings */ = {
			isa = PBXVariantGroup;
			children = (
				0882408A1740924300E71E6E /* en */,
			);
			name = InfoPlist.strings;
			sourceTree = "<group>";
		};
		0882409B1740924300E71E6E /* LZViewController_iPhone.xib */ = {
			isa = PBXVariantGroup;
			children = (
				0882409C1740924300E71E6E /* en */,
			);
			name = LZViewController_iPhone.xib;
			sourceTree = "<group>";
		};
		0882409E1740924300E71E6E /* LZViewController_iPad.xib */ = {
			isa = PBXVariantGroup;
			children = (
				0882409F1740924300E71E6E /* en */,
			);
			name = LZViewController_iPad.xib;
			sourceTree = "<group>";
		};
/* End PBXVariantGroup section */

/* Begin XCBuildConfiguration section */
		088240A11740924300E71E6E /* Debug */ = {
			isa = XCBuildConfiguration;
			buildSettings = {
				ALWAYS_SEARCH_USER_PATHS = NO;
				CLANG_CXX_LANGUAGE_STANDARD = "gnu++0x";
				CLANG_CXX_LIBRARY = "libc++";
				CLANG_ENABLE_OBJC_ARC = YES;
				CLANG_WARN_CONSTANT_CONVERSION = YES;
				CLANG_WARN_EMPTY_BODY = YES;
				CLANG_WARN_ENUM_CONVERSION = YES;
				CLANG_WARN_INT_CONVERSION = YES;
				CLANG_WARN__DUPLICATE_METHOD_MATCH = YES;
				"CODE_SIGN_IDENTITY[sdk=iphoneos*]" = "iPhone Developer";
				COPY_PHASE_STRIP = NO;
				GCC_C_LANGUAGE_STANDARD = gnu99;
				GCC_DYNAMIC_NO_PIC = NO;
				GCC_OPTIMIZATION_LEVEL = 0;
				GCC_PREPROCESSOR_DEFINITIONS = (
					"DEBUG=1",
					"$(inherited)",
				);
				GCC_SYMBOLS_PRIVATE_EXTERN = NO;
				GCC_WARN_ABOUT_RETURN_TYPE = YES;
				GCC_WARN_UNINITIALIZED_AUTOS = YES;
				GCC_WARN_UNUSED_VARIABLE = YES;
				HEADER_SEARCH_PATHS = DHlibxlsLib/DHxlsReaderIOS;
				IPHONEOS_DEPLOYMENT_TARGET = 5.0;
				ONLY_ACTIVE_ARCH = YES;
				SDKROOT = iphoneos;
				TARGETED_DEVICE_FAMILY = "1,2";
			};
			name = Debug;
		};
		088240A21740924300E71E6E /* Release */ = {
			isa = XCBuildConfiguration;
			buildSettings = {
				ALWAYS_SEARCH_USER_PATHS = NO;
				CLANG_CXX_LANGUAGE_STANDARD = "gnu++0x";
				CLANG_CXX_LIBRARY = "libc++";
				CLANG_ENABLE_OBJC_ARC = YES;
				CLANG_WARN_CONSTANT_CONVERSION = YES;
				CLANG_WARN_EMPTY_BODY = YES;
				CLANG_WARN_ENUM_CONVERSION = YES;
				CLANG_WARN_INT_CONVERSION = YES;
				CLANG_WARN__DUPLICATE_METHOD_MATCH = YES;
				"CODE_SIGN_IDENTITY[sdk=iphoneos*]" = "iPhone Developer";
				COPY_PHASE_STRIP = YES;
				GCC_C_LANGUAGE_STANDARD = gnu99;
				GCC_WARN_ABOUT_RETURN_TYPE = YES;
				GCC_WARN_UNINITIALIZED_AUTOS = YES;
				GCC_WARN_UNUSED_VARIABLE = YES;
				HEADER_SEARCH_PATHS = DHlibxlsLib/DHxlsReaderIOS;
				IPHONEOS_DEPLOYMENT_TARGET = 5.0;
				OTHER_CFLAGS = "-DNS_BLOCK_ASSERTIONS=1";
				SDKROOT = iphoneos;
				TARGETED_DEVICE_FAMILY = "1,2";
				VALIDATE_PRODUCT = YES;
			};
			name = Release;
		};
		088240A41740924300E71E6E /* Debug */ = {
			isa = XCBuildConfiguration;
			buildSettings = {
				FRAMEWORK_SEARCH_PATHS = (
					"$(inherited)",
					/Users/flyouting/zlyApple/work/nutrition/git1/iphone/trunk/nutrition/nutrition,
				);
				GCC_PRECOMPILE_PREFIX_HEADER = YES;
				GCC_PREFIX_HEADER = "ImpExpTool/ImpExpTool-Prefix.pch";
				INFOPLIST_FILE = "ImpExpTool/ImpExpTool-Info.plist";
				IPHONEOS_DEPLOYMENT_TARGET = 6.0;
				PRODUCT_NAME = "$(TARGET_NAME)";
				WRAPPER_EXTENSION = app;
			};
			name = Debug;
		};
		088240A51740924300E71E6E /* Release */ = {
			isa = XCBuildConfiguration;
			buildSettings = {
				FRAMEWORK_SEARCH_PATHS = (
					"$(inherited)",
					/Users/flyouting/zlyApple/work/nutrition/git1/iphone/trunk/nutrition/nutrition,
				);
				GCC_PRECOMPILE_PREFIX_HEADER = YES;
				GCC_PREFIX_HEADER = "ImpExpTool/ImpExpTool-Prefix.pch";
				INFOPLIST_FILE = "ImpExpTool/ImpExpTool-Info.plist";
				IPHONEOS_DEPLOYMENT_TARGET = 6.0;
				PRODUCT_NAME = "$(TARGET_NAME)";
				WRAPPER_EXTENSION = app;
			};
			name = Release;
		};
/* End XCBuildConfiguration section */

/* Begin XCConfigurationList section */
		088240781740924300E71E6E /* Build configuration list for PBXProject "ImpExpTool" */ = {
			isa = XCConfigurationList;
			buildConfigurations = (
				088240A11740924300E71E6E /* Debug */,
				088240A21740924300E71E6E /* Release */,
			);
			defaultConfigurationIsVisible = 0;
			defaultConfigurationName = Release;
		};
		088240A31740924300E71E6E /* Build configuration list for PBXNativeTarget "ImpExpTool" */ = {
			isa = XCConfigurationList;
			buildConfigurations = (
				088240A41740924300E71E6E /* Debug */,
				088240A51740924300E71E6E /* Release */,
			);
			defaultConfigurationIsVisible = 0;
			defaultConfigurationName = Release;
		};
/* End XCConfigurationList section */
	};
	rootObject = 088240751740924300E71E6E /* Project object */;
}
